
Microsoft Visual Studio Solution File, Format Version 12.00
# Visual Studio Version 16
VisualStudioVersion = 16.0.29911.84
MinimumVisualStudioVersion = 10.0.40219.1
Project("{FAE04EC0-301F-11D3-BF4B-00C04F79EFBC}") = "1.3.8", "1.3.8\1.3.8.csproj", "{DFA93104-0E4D-4FBE-94D6-D2A7EE6A7E80}"
EndProject
Global
	GlobalSection(SolutionConfigurationPlatforms) = preSolution
		Debug|Any CPU = Debug|Any CPU
		Release|Any CPU = Release|Any CPU
	EndGlobalSection
	GlobalSection(ProjectConfigurationPlatforms) = postSolution
		{DFA93104-0E4D-4FBE-94D6-D2A7EE6A7E80}.Debug|Any CPU.ActiveCfg = Debug|Any CPU
		{DFA93104-0E4D-4FBE-94D6-D2A7EE6A7E80}.Debug|Any CPU.Build.0 = Debug|Any CPU
		{DFA93104-0E4D-4FBE-94D6-D2A7EE6A7E80}.Release|Any CPU.ActiveCfg = Release|Any CPU
		{DFA93104-0E4D-4FBE-94D6-D2A7EE6A7E80}.Release|Any CPU.Build.0 = Release|Any CPU
	EndGlobalSection
	GlobalSection(SolutionProperties) = preSolution
		HideSolutionNode = FALSE
	EndGlobalSection
	GlobalSection(ExtensibilityGlobals) = postSolution
		SolutionGuid = {EFDDC7A7-9833-4455-9FCD-94791C610586}
	EndGlobalSection
EndGlobal
