
Microsoft Visual Studio Solution File, Format Version 12.00
# Visual Studio Version 16
VisualStudioVersion = 16.0.29911.84
MinimumVisualStudioVersion = 10.0.40219.1
Project("{FAE04EC0-301F-11D3-BF4B-00C04F79EFBC}") = "1.3.7", "1.3.7\1.3.7.csproj", "{9563B55E-728D-4400-961A-F20EF42C9F87}"
EndProject
Global
	GlobalSection(SolutionConfigurationPlatforms) = preSolution
		Debug|Any CPU = Debug|Any CPU
		Release|Any CPU = Release|Any CPU
	EndGlobalSection
	GlobalSection(ProjectConfigurationPlatforms) = postSolution
		{9563B55E-728D-4400-961A-F20EF42C9F87}.Debug|Any CPU.ActiveCfg = Debug|Any CPU
		{9563B55E-728D-4400-961A-F20EF42C9F87}.Debug|Any CPU.Build.0 = Debug|Any CPU
		{9563B55E-728D-4400-961A-F20EF42C9F87}.Release|Any CPU.ActiveCfg = Release|Any CPU
		{9563B55E-728D-4400-961A-F20EF42C9F87}.Release|Any CPU.Build.0 = Release|Any CPU
	EndGlobalSection
	GlobalSection(SolutionProperties) = preSolution
		HideSolutionNode = FALSE
	EndGlobalSection
	GlobalSection(ExtensibilityGlobals) = postSolution
		SolutionGuid = {DF3D6AF5-0D5D-4764-8386-3A439B766EDA}
	EndGlobalSection
EndGlobal
