
Microsoft Visual Studio Solution File, Format Version 12.00
# Visual Studio Version 16
VisualStudioVersion = 16.0.29911.84
MinimumVisualStudioVersion = 10.0.40219.1
Project("{FAE04EC0-301F-11D3-BF4B-00C04F79EFBC}") = "2.3.1", "2.3.1\2.3.1.csproj", "{01CD5768-5411-47FD-A237-9E89A8B6E0D8}"
EndProject
Global
	GlobalSection(SolutionConfigurationPlatforms) = preSolution
		Debug|Any CPU = Debug|Any CPU
		Release|Any CPU = Release|Any CPU
	EndGlobalSection
	GlobalSection(ProjectConfigurationPlatforms) = postSolution
		{01CD5768-5411-47FD-A237-9E89A8B6E0D8}.Debug|Any CPU.ActiveCfg = Debug|Any CPU
		{01CD5768-5411-47FD-A237-9E89A8B6E0D8}.Debug|Any CPU.Build.0 = Debug|Any CPU
		{01CD5768-5411-47FD-A237-9E89A8B6E0D8}.Release|Any CPU.ActiveCfg = Release|Any CPU
		{01CD5768-5411-47FD-A237-9E89A8B6E0D8}.Release|Any CPU.Build.0 = Release|Any CPU
	EndGlobalSection
	GlobalSection(SolutionProperties) = preSolution
		HideSolutionNode = FALSE
	EndGlobalSection
	GlobalSection(ExtensibilityGlobals) = postSolution
		SolutionGuid = {F0CD99C9-2635-4132-9BE7-0FC788910C64}
	EndGlobalSection
EndGlobal
