
Microsoft Visual Studio Solution File, Format Version 12.00
# Visual Studio Version 16
VisualStudioVersion = 16.0.29911.84
MinimumVisualStudioVersion = 10.0.40219.1
Project("{FAE04EC0-301F-11D3-BF4B-00C04F79EFBC}") = "2.4.1", "2.4.1\2.4.1.csproj", "{3C63AC73-D03B-42E1-8C32-D542953A5904}"
EndProject
Global
	GlobalSection(SolutionConfigurationPlatforms) = preSolution
		Debug|Any CPU = Debug|Any CPU
		Release|Any CPU = Release|Any CPU
	EndGlobalSection
	GlobalSection(ProjectConfigurationPlatforms) = postSolution
		{3C63AC73-D03B-42E1-8C32-D542953A5904}.Debug|Any CPU.ActiveCfg = Debug|Any CPU
		{3C63AC73-D03B-42E1-8C32-D542953A5904}.Debug|Any CPU.Build.0 = Debug|Any CPU
		{3C63AC73-D03B-42E1-8C32-D542953A5904}.Release|Any CPU.ActiveCfg = Release|Any CPU
		{3C63AC73-D03B-42E1-8C32-D542953A5904}.Release|Any CPU.Build.0 = Release|Any CPU
	EndGlobalSection
	GlobalSection(SolutionProperties) = preSolution
		HideSolutionNode = FALSE
	EndGlobalSection
	GlobalSection(ExtensibilityGlobals) = postSolution
		SolutionGuid = {A96B7097-25E1-4AB7-BBDE-B0C397997577}
	EndGlobalSection
EndGlobal
