
Microsoft Visual Studio Solution File, Format Version 12.00
# Visual Studio Version 16
VisualStudioVersion = 16.0.29911.84
MinimumVisualStudioVersion = 10.0.40219.1
Project("{FAE04EC0-301F-11D3-BF4B-00C04F79EFBC}") = "1.5.2", "1.5.2\1.5.2.csproj", "{EC90660B-01C2-4096-B400-3E6B9A9AEBA3}"
EndProject
Global
	GlobalSection(SolutionConfigurationPlatforms) = preSolution
		Debug|Any CPU = Debug|Any CPU
		Release|Any CPU = Release|Any CPU
	EndGlobalSection
	GlobalSection(ProjectConfigurationPlatforms) = postSolution
		{EC90660B-01C2-4096-B400-3E6B9A9AEBA3}.Debug|Any CPU.ActiveCfg = Debug|Any CPU
		{EC90660B-01C2-4096-B400-3E6B9A9AEBA3}.Debug|Any CPU.Build.0 = Debug|Any CPU
		{EC90660B-01C2-4096-B400-3E6B9A9AEBA3}.Release|Any CPU.ActiveCfg = Release|Any CPU
		{EC90660B-01C2-4096-B400-3E6B9A9AEBA3}.Release|Any CPU.Build.0 = Release|Any CPU
	EndGlobalSection
	GlobalSection(SolutionProperties) = preSolution
		HideSolutionNode = FALSE
	EndGlobalSection
	GlobalSection(ExtensibilityGlobals) = postSolution
		SolutionGuid = {B99D1593-47E3-4CAA-A6A4-FA22B912AB94}
	EndGlobalSection
EndGlobal
