
Microsoft Visual Studio Solution File, Format Version 12.00
# Visual Studio Version 16
VisualStudioVersion = 16.0.29911.84
MinimumVisualStudioVersion = 10.0.40219.1
Project("{FAE04EC0-301F-11D3-BF4B-00C04F79EFBC}") = "2.3.9", "2.3.9\2.3.9.csproj", "{71731322-F423-411B-8D64-C602F7BAFCD5}"
EndProject
Global
	GlobalSection(SolutionConfigurationPlatforms) = preSolution
		Debug|Any CPU = Debug|Any CPU
		Release|Any CPU = Release|Any CPU
	EndGlobalSection
	GlobalSection(ProjectConfigurationPlatforms) = postSolution
		{71731322-F423-411B-8D64-C602F7BAFCD5}.Debug|Any CPU.ActiveCfg = Debug|Any CPU
		{71731322-F423-411B-8D64-C602F7BAFCD5}.Debug|Any CPU.Build.0 = Debug|Any CPU
		{71731322-F423-411B-8D64-C602F7BAFCD5}.Release|Any CPU.ActiveCfg = Release|Any CPU
		{71731322-F423-411B-8D64-C602F7BAFCD5}.Release|Any CPU.Build.0 = Release|Any CPU
	EndGlobalSection
	GlobalSection(SolutionProperties) = preSolution
		HideSolutionNode = FALSE
	EndGlobalSection
	GlobalSection(ExtensibilityGlobals) = postSolution
		SolutionGuid = {BB3A45ED-C241-4F46-8230-2758565C1B4F}
	EndGlobalSection
EndGlobal
