
Microsoft Visual Studio Solution File, Format Version 12.00
# Visual Studio Version 16
VisualStudioVersion = 16.0.29911.84
MinimumVisualStudioVersion = 10.0.40219.1
Project("{FAE04EC0-301F-11D3-BF4B-00C04F79EFBC}") = "2.3.8", "2.3.8\2.3.8.csproj", "{6BECDCBF-B0FA-4261-BB11-5C1787A94141}"
EndProject
Global
	GlobalSection(SolutionConfigurationPlatforms) = preSolution
		Debug|Any CPU = Debug|Any CPU
		Release|Any CPU = Release|Any CPU
	EndGlobalSection
	GlobalSection(ProjectConfigurationPlatforms) = postSolution
		{6BECDCBF-B0FA-4261-BB11-5C1787A94141}.Debug|Any CPU.ActiveCfg = Debug|Any CPU
		{6BECDCBF-B0FA-4261-BB11-5C1787A94141}.Debug|Any CPU.Build.0 = Debug|Any CPU
		{6BECDCBF-B0FA-4261-BB11-5C1787A94141}.Release|Any CPU.ActiveCfg = Release|Any CPU
		{6BECDCBF-B0FA-4261-BB11-5C1787A94141}.Release|Any CPU.Build.0 = Release|Any CPU
	EndGlobalSection
	GlobalSection(SolutionProperties) = preSolution
		HideSolutionNode = FALSE
	EndGlobalSection
	GlobalSection(ExtensibilityGlobals) = postSolution
		SolutionGuid = {8C740DC2-53AC-4F16-8A31-511101AAC19E}
	EndGlobalSection
EndGlobal
