
Microsoft Visual Studio Solution File, Format Version 12.00
# Visual Studio Version 16
VisualStudioVersion = 16.0.29911.84
MinimumVisualStudioVersion = 10.0.40219.1
Project("{FAE04EC0-301F-11D3-BF4B-00C04F79EFBC}") = "2.4.5", "2.4.5\2.4.5.csproj", "{861BB38F-E274-47B8-A66F-AA12A74E9F33}"
EndProject
Global
	GlobalSection(SolutionConfigurationPlatforms) = preSolution
		Debug|Any CPU = Debug|Any CPU
		Release|Any CPU = Release|Any CPU
	EndGlobalSection
	GlobalSection(ProjectConfigurationPlatforms) = postSolution
		{861BB38F-E274-47B8-A66F-AA12A74E9F33}.Debug|Any CPU.ActiveCfg = Debug|Any CPU
		{861BB38F-E274-47B8-A66F-AA12A74E9F33}.Debug|Any CPU.Build.0 = Debug|Any CPU
		{861BB38F-E274-47B8-A66F-AA12A74E9F33}.Release|Any CPU.ActiveCfg = Release|Any CPU
		{861BB38F-E274-47B8-A66F-AA12A74E9F33}.Release|Any CPU.Build.0 = Release|Any CPU
	EndGlobalSection
	GlobalSection(SolutionProperties) = preSolution
		HideSolutionNode = FALSE
	EndGlobalSection
	GlobalSection(ExtensibilityGlobals) = postSolution
		SolutionGuid = {9A56D885-DF23-41F6-8074-C8C564AE40ED}
	EndGlobalSection
EndGlobal
