
Microsoft Visual Studio Solution File, Format Version 12.00
# Visual Studio Version 16
VisualStudioVersion = 16.0.29911.84
MinimumVisualStudioVersion = 10.0.40219.1
Project("{FAE04EC0-301F-11D3-BF4B-00C04F79EFBC}") = "1.1.3", "1.1.3\1.1.3.csproj", "{E34F6922-4D9E-409B-A40E-65EDD7F76312}"
EndProject
Global
	GlobalSection(SolutionConfigurationPlatforms) = preSolution
		Debug|Any CPU = Debug|Any CPU
		Release|Any CPU = Release|Any CPU
	EndGlobalSection
	GlobalSection(ProjectConfigurationPlatforms) = postSolution
		{E34F6922-4D9E-409B-A40E-65EDD7F76312}.Debug|Any CPU.ActiveCfg = Debug|Any CPU
		{E34F6922-4D9E-409B-A40E-65EDD7F76312}.Debug|Any CPU.Build.0 = Debug|Any CPU
		{E34F6922-4D9E-409B-A40E-65EDD7F76312}.Release|Any CPU.ActiveCfg = Release|Any CPU
		{E34F6922-4D9E-409B-A40E-65EDD7F76312}.Release|Any CPU.Build.0 = Release|Any CPU
	EndGlobalSection
	GlobalSection(SolutionProperties) = preSolution
		HideSolutionNode = FALSE
	EndGlobalSection
	GlobalSection(ExtensibilityGlobals) = postSolution
		SolutionGuid = {2775D75F-12F2-4051-882E-5A3BD2C794AA}
	EndGlobalSection
EndGlobal
